github.com/BurntSushi/toml v1.1.0 h1:ksErzDEI1khOiGPgpwuI7x2ebx/uXQNw7xJpn9Eq1+I=
github.com/BurntSushi/toml v1.1.0/go.mod h1:CxXYINrC8qIiEnFrOxCa7Jy5BFHlXnUU2pbicEuybxQ=
github.com/hshimamoto/go-iorelay v0.0.0-20200822035826-c2d7a868b951/go.mod h1:uyVVJ1n2K6ncZzpmp7EpaRzFfwsJcBg6Y1hXMeainSs=
github.com/hshimamoto/go-iorelay v0.0.0-20201020222359-2da2fb3d13ee h1:+25IL2fmCCFbP0642MefSzjuRP9diYgIVcdgSeIj4wU=
github.com/hshimamoto/go-iorelay v0.0.0-20201020222359-2da2fb3d13ee/go.mod h1:RnNNJphZLQlR3mzcQCGmkbu3XaLJgk4UeK9TYKxhJxY=
github.com/hshimamoto/go-session v0.0.0-20211024231125-7561184f2955 h1:H4ZeYxzvmIPwQfGPYTUwOKci5C14D/owvSY6zSIUOpI=
github.com/hshimamoto/go-session v0.0.0-20211024231125-7561184f2955/go.mod h1:IhbipXykKkeYvxEc4oGb9cHOsepjyjH4DoRRO2IywiE=
github.com/mxk/go-flowrate v0.0.0-20140419014527-cca7078d478f h1:y5//uYreIhSUg3J1GEMiLbxo1LJaP8RfCpH6pymGZus=
github.com/mxk/go-flowrate v0.0.0-20140419014527-cca7078d478f/go.mod h1:ZdcZmHo+o7JKHSa8/e818NopupXU1YMK5fe1lsApnBw=
golang.org/x/crypto v0.0.0-20220408190544-5352b0902921 h1:iU7T1X1J6yxDr0rda54sWGkHgOp5XJrqm79gcNlC2VM=
golang.org/x/crypto v0.0.0-20220408190544-5352b0902921/go.mod h1:IxCIyHEi3zRg3s0A5j5BB6A9Jmi73HwBIUl50j+osU4=
golang.org/x/sys v0.0.0-20210615035016-665e8c7367d1 h1:SrN+KX8Art/Sf4HNj6Zcz06G7VEz+7w9tdXTPOZ7+l4=
golang.org/x/sys v0.0.0-20210615035016-665e8c7367d1/go.mod h1:oPkhp1MJrh7nUepCBck5+mAzfO9JrbApNNgaTdGDITg=
golang.org/x/term v0.0.0-20201126162022-7de9c90e9dd1 h1:v+OssWQX+hTHEmOBgwxdZxK4zHq3yOs8F9J7mk0PY8E=
